
Microsoft Visual Studio Solution File, Format Version 12.00
# Visual Studio Version 17
VisualStudioVersion = 17.8.34330.188
MinimumVisualStudioVersion = 10.0.40219.1
Project("{FAE04EC0-301F-11D3-BF4B-00C04F79EFBC}") = "DevCArd_MVC", "DevCArd_MVC\DevCArd_MVC.csproj", "{AC315974-6596-466A-B2F9-DDBF3E342ABD}"
EndProject
Global
	GlobalSection(SolutionConfigurationPlatforms) = preSolution
		Debug|Any CPU = Debug|Any CPU
		Release|Any CPU = Release|Any CPU
	EndGlobalSection
	GlobalSection(ProjectConfigurationPlatforms) = postSolution
		{AC315974-6596-466A-B2F9-DDBF3E342ABD}.Debug|Any CPU.ActiveCfg = Debug|Any CPU
		{AC315974-6596-466A-B2F9-DDBF3E342ABD}.Debug|Any CPU.Build.0 = Debug|Any CPU
		{AC315974-6596-466A-B2F9-DDBF3E342ABD}.Release|Any CPU.ActiveCfg = Release|Any CPU
		{AC315974-6596-466A-B2F9-DDBF3E342ABD}.Release|Any CPU.Build.0 = Release|Any CPU
	EndGlobalSection
	GlobalSection(SolutionProperties) = preSolution
		HideSolutionNode = FALSE
	EndGlobalSection
	GlobalSection(ExtensibilityGlobals) = postSolution
		SolutionGuid = {133FCB90-F69D-48CB-A30F-646E0571148C}
	EndGlobalSection
EndGlobal
